
Microsoft Visual Studio Solution File, Format Version 12.00
# Visual Studio Version 16
VisualStudioVersion = 16.0.32929.386
MinimumVisualStudioVersion = 10.0.40219.1
Project("{FAE04EC0-301F-11D3-BF4B-00C04F79EFBC}") = "WindowsFormsTdd", "WindowsFormsTdd\WindowsFormsTdd.csproj", "{C45626F6-EC87-4156-9949-84BC23F17E12}"
EndProject
Project("{FAE04EC0-301F-11D3-BF4B-00C04F79EFBC}") = "WindowsFormsTddTests", "WindowsFormsTddTests\WindowsFormsTddTests.csproj", "{36C218E4-50AB-4E8D-8543-7B6E77CA3A70}"
EndProject
Global
	GlobalSection(SolutionConfigurationPlatforms) = preSolution
		Debug|Any CPU = Debug|Any CPU
		Release|Any CPU = Release|Any CPU
	EndGlobalSection
	GlobalSection(ProjectConfigurationPlatforms) = postSolution
		{C45626F6-EC87-4156-9949-84BC23F17E12}.Debug|Any CPU.ActiveCfg = Debug|Any CPU
		{C45626F6-EC87-4156-9949-84BC23F17E12}.Debug|Any CPU.Build.0 = Debug|Any CPU
		{C45626F6-EC87-4156-9949-84BC23F17E12}.Release|Any CPU.ActiveCfg = Release|Any CPU
		{C45626F6-EC87-4156-9949-84BC23F17E12}.Release|Any CPU.Build.0 = Release|Any CPU
		{36C218E4-50AB-4E8D-8543-7B6E77CA3A70}.Debug|Any CPU.ActiveCfg = Debug|Any CPU
		{36C218E4-50AB-4E8D-8543-7B6E77CA3A70}.Debug|Any CPU.Build.0 = Debug|Any CPU
		{36C218E4-50AB-4E8D-8543-7B6E77CA3A70}.Release|Any CPU.ActiveCfg = Release|Any CPU
		{36C218E4-50AB-4E8D-8543-7B6E77CA3A70}.Release|Any CPU.Build.0 = Release|Any CPU
	EndGlobalSection
	GlobalSection(SolutionProperties) = preSolution
		HideSolutionNode = FALSE
	EndGlobalSection
	GlobalSection(ExtensibilityGlobals) = postSolution
		SolutionGuid = {F6B63124-FFCC-4463-BEC9-24498BFBE680}
	EndGlobalSection
EndGlobal
